// !$*UTF8*$!
{
	archiveVersion = 1;
	classes = {
	};
	objectVersion = 46;
	objects = {

/* Begin PBXBuildFile section */
		043629311AC4143300D7B4B8 /* EMNoticeCenter.swift in Sources */ = {isa = PBXBuildFile; fileRef = 043629301AC4143300D7B4B8 /* EMNoticeCenter.swift */; };
		046DC9101AC617AB000159B8 /* EMNoticeView.swift in Sources */ = {isa = PBXBuildFile; fileRef = 046DC90F1AC617AB000159B8 /* EMNoticeView.swift */; };
		04AE56A61AC4135F005C68DD /* AppDelegate.swift in Sources */ = {isa = PBXBuildFile; fileRef = 04AE56A51AC4135F005C68DD /* AppDelegate.swift */; };
		04AE56A81AC4135F005C68DD /* ViewController.swift in Sources */ = {isa = PBXBuildFile; fileRef = 04AE56A71AC4135F005C68DD /* ViewController.swift */; };
		04AE56AB1AC4135F005C68DD /* Main.storyboard in Resources */ = {isa = PBXBuildFile; fileRef = 04AE56A91AC4135F005C68DD /* Main.storyboard */; };
		04AE56AD1AC4135F005C68DD /* Images.xcassets in Resources */ = {isa = PBXBuildFile; fileRef = 04AE56AC1AC4135F005C68DD /* Images.xcassets */; };
		04AE56B01AC4135F005C68DD /* LaunchScreen.xib in Resources */ = {isa = PBXBuildFile; fileRef = 04AE56AE1AC4135F005C68DD /* LaunchScreen.xib */; };
		04AE56BC1AC4135F005C68DD /* EMNoticeTests.swift in Sources */ = {isa = PBXBuildFile; fileRef = 04AE56BB1AC4135F005C68DD /* EMNoticeTests.swift */; };
/* End PBXBuildFile section */

/* Begin PBXContainerItemProxy section */
		04AE56B61AC4135F005C68DD /* PBXContainerItemProxy */ = {
			isa = PBXContainerItemProxy;
			containerPortal = 04AE56981AC4135F005C68DD /* Project object */;
			proxyType = 1;
			remoteGlobalIDString = 04AE569F1AC4135F005C68DD;
			remoteInfo = EMNotice;
		};
/* End PBXContainerItemProxy section */

/* Begin PBXFileReference section */
		043629301AC4143300D7B4B8 /* EMNoticeCenter.swift */ = {isa = PBXFileReference; fileEncoding = 4; lastKnownFileType = sourcecode.swift; name = EMNoticeCenter.swift; path = ../EMNotice/EMNoticeCenter.swift; sourceTree = "<group>"; };
		046DC90F1AC617AB000159B8 /* EMNoticeView.swift */ = {isa = PBXFileReference; fileEncoding = 4; lastKnownFileType = sourcecode.swift; name = EMNoticeView.swift; path = ../EMNotice/EMNoticeView.swift; sourceTree = "<group>"; };
		04AE56A01AC4135F005C68DD /* EMNotice.app */ = {isa = PBXFileReference; explicitFileType = wrapper.application; includeInIndex = 0; path = EMNotice.app; sourceTree = BUILT_PRODUCTS_DIR; };
		04AE56A41AC4135F005C68DD /* Info.plist */ = {isa = PBXFileReference; lastKnownFileType = text.plist.xml; path = Info.plist; sourceTree = "<group>"; };
		04AE56A51AC4135F005C68DD /* AppDelegate.swift */ = {isa = PBXFileReference; lastKnownFileType = sourcecode.swift; path = AppDelegate.swift; sourceTree = "<group>"; };
		04AE56A71AC4135F005C68DD /* ViewController.swift */ = {isa = PBXFileReference; lastKnownFileType = sourcecode.swift; path = ViewController.swift; sourceTree = "<group>"; };
		04AE56AA1AC4135F005C68DD /* Base */ = {isa = PBXFileReference; lastKnownFileType = file.storyboard; name = Base; path = Base.lproj/Main.storyboard; sourceTree = "<group>"; };
		04AE56AC1AC4135F005C68DD /* Images.xcassets */ = {isa = PBXFileReference; lastKnownFileType = folder.assetcatalog; path = Images.xcassets; sourceTree = "<group>"; };
		04AE56AF1AC4135F005C68DD /* Base */ = {isa = PBXFileReference; lastKnownFileType = file.xib; name = Base; path = Base.lproj/LaunchScreen.xib; sourceTree = "<group>"; };
		04AE56B51AC4135F005C68DD /* EMNoticeTests.xctest */ = {isa = PBXFileReference; explicitFileType = wrapper.cfbundle; includeInIndex = 0; path = EMNoticeTests.xctest; sourceTree = BUILT_PRODUCTS_DIR; };
		04AE56BA1AC4135F005C68DD /* Info.plist */ = {isa = PBXFileReference; lastKnownFileType = text.plist.xml; path = Info.plist; sourceTree = "<group>"; };
		04AE56BB1AC4135F005C68DD /* EMNoticeTests.swift */ = {isa = PBXFileReference; lastKnownFileType = sourcecode.swift; path = EMNoticeTests.swift; sourceTree = "<group>"; };
/* End PBXFileReference section */

/* Begin PBXFrameworksBuildPhase section */
		04AE569D1AC4135F005C68DD /* Frameworks */ = {
			isa = PBXFrameworksBuildPhase;
			buildActionMask = 2147483647;
			files = (
			);
			runOnlyForDeploymentPostprocessing = 0;
		};
		04AE56B21AC4135F005C68DD /* Frameworks */ = {
			isa = PBXFrameworksBuildPhase;
			buildActionMask = 2147483647;
			files = (
			);
			runOnlyForDeploymentPostprocessing = 0;
		};
/* End PBXFrameworksBuildPhase section */

/* Begin PBXGroup section */
		0436292F1AC413F700D7B4B8 /* EMNotice */ = {
			isa = PBXGroup;
			children = (
				043629301AC4143300D7B4B8 /* EMNoticeCenter.swift */,
				046DC90F1AC617AB000159B8 /* EMNoticeView.swift */,
			);
			name = EMNotice;
			sourceTree = "<group>";
		};
		04AE56971AC4135F005C68DD = {
			isa = PBXGroup;
			children = (
				0436292F1AC413F700D7B4B8 /* EMNotice */,
				04AE56A21AC4135F005C68DD /* EMNoticeExample */,
				04AE56B81AC4135F005C68DD /* EMNoticeTests */,
				04AE56A11AC4135F005C68DD /* Products */,
			);
			sourceTree = "<group>";
		};
		04AE56A11AC4135F005C68DD /* Products */ = {
			isa = PBXGroup;
			children = (
				04AE56A01AC4135F005C68DD /* EMNotice.app */,
				04AE56B51AC4135F005C68DD /* EMNoticeTests.xctest */,
			);
			name = Products;
			sourceTree = "<group>";
		};
		04AE56A21AC4135F005C68DD /* EMNoticeExample */ = {
			isa = PBXGroup;
			children = (
				04AE56A51AC4135F005C68DD /* AppDelegate.swift */,
				04AE56A71AC4135F005C68DD /* ViewController.swift */,
				04AE56A91AC4135F005C68DD /* Main.storyboard */,
				04AE56AC1AC4135F005C68DD /* Images.xcassets */,
				04AE56AE1AC4135F005C68DD /* LaunchScreen.xib */,
				04AE56A31AC4135F005C68DD /* Supporting Files */,
			);
			name = EMNoticeExample;
			path = EMNotice;
			sourceTree = "<group>";
		};
		04AE56A31AC4135F005C68DD /* Supporting Files */ = {
			isa = PBXGroup;
			children = (
				04AE56A41AC4135F005C68DD /* Info.plist */,
			);
			name = "Supporting Files";
			sourceTree = "<group>";
		};
		04AE56B81AC4135F005C68DD /* EMNoticeTests */ = {
			isa = PBXGroup;
			children = (
				04AE56BB1AC4135F005C68DD /* EMNoticeTests.swift */,
				04AE56B91AC4135F005C68DD /* Supporting Files */,
			);
			path = EMNoticeTests;
			sourceTree = "<group>";
		};
		04AE56B91AC4135F005C68DD /* Supporting Files */ = {
			isa = PBXGroup;
			children = (
				04AE56BA1AC4135F005C68DD /* Info.plist */,
			);
			name = "Supporting Files";
			sourceTree = "<group>";
		};
/* End PBXGroup section */

/* Begin PBXNativeTarget section */
		04AE569F1AC4135F005C68DD /* EMNotice */ = {
			isa = PBXNativeTarget;
			buildConfigurationList = 04AE56BF1AC4135F005C68DD /* Build configuration list for PBXNativeTarget "EMNotice" */;
			buildPhases = (
				04AE569C1AC4135F005C68DD /* Sources */,
				04AE569D1AC4135F005C68DD /* Frameworks */,
				04AE569E1AC4135F005C68DD /* Resources */,
			);
			buildRules = (
			);
			dependencies = (
			);
			name = EMNotice;
			productName = EMNotice;
			productReference = 04AE56A01AC4135F005C68DD /* EMNotice.app */;
			productType = "com.apple.product-type.application";
		};
		04AE56B41AC4135F005C68DD /* EMNoticeTests */ = {
			isa = PBXNativeTarget;
			buildConfigurationList = 04AE56C21AC4135F005C68DD /* Build configuration list for PBXNativeTarget "EMNoticeTests" */;
			buildPhases = (
				04AE56B11AC4135F005C68DD /* Sources */,
				04AE56B21AC4135F005C68DD /* Frameworks */,
				04AE56B31AC4135F005C68DD /* Resources */,
			);
			buildRules = (
			);
			dependencies = (
				04AE56B71AC4135F005C68DD /* PBXTargetDependency */,
			);
			name = EMNoticeTests;
			productName = EMNoticeTests;
			productReference = 04AE56B51AC4135F005C68DD /* EMNoticeTests.xctest */;
			productType = "com.apple.product-type.bundle.unit-test";
		};
/* End PBXNativeTarget section */

/* Begin PBXProject section */
		04AE56981AC4135F005C68DD /* Project object */ = {
			isa = PBXProject;
			attributes = {
				LastUpgradeCheck = 0620;
				ORGANIZATIONNAME = "Emad A.";
				TargetAttributes = {
					04AE569F1AC4135F005C68DD = {
						CreatedOnToolsVersion = 6.2;
					};
					04AE56B41AC4135F005C68DD = {
						CreatedOnToolsVersion = 6.2;
						TestTargetID = 04AE569F1AC4135F005C68DD;
					};
				};
			};
			buildConfigurationList = 04AE569B1AC4135F005C68DD /* Build configuration list for PBXProject "EMNotice" */;
			compatibilityVersion = "Xcode 3.2";
			developmentRegion = English;
			hasScannedForEncodings = 0;
			knownRegions = (
				en,
				Base,
			);
			mainGroup = 04AE56971AC4135F005C68DD;
			productRefGroup = 04AE56A11AC4135F005C68DD /* Products */;
			projectDirPath = "";
			projectRoot = "";
			targets = (
				04AE569F1AC4135F005C68DD /* EMNotice */,
				04AE56B41AC4135F005C68DD /* EMNoticeTests */,
			);
		};
/* End PBXProject section */

/* Begin PBXResourcesBuildPhase section */
		04AE569E1AC4135F005C68DD /* Resources */ = {
			isa = PBXResourcesBuildPhase;
			buildActionMask = 2147483647;
			files = (
				04AE56AB1AC4135F005C68DD /* Main.storyboard in Resources */,
				04AE56B01AC4135F005C68DD /* LaunchScreen.xib in Resources */,
				04AE56AD1AC4135F005C68DD /* Images.xcassets in Resources */,
			);
			runOnlyForDeploymentPostprocessing = 0;
		};
		04AE56B31AC4135F005C68DD /* Resources */ = {
			isa = PBXResourcesBuildPhase;
			buildActionMask = 2147483647;
			files = (
			);
			runOnlyForDeploymentPostprocessing = 0;
		};
/* End PBXResourcesBuildPhase section */

/* Begin PBXSourcesBuildPhase section */
		04AE569C1AC4135F005C68DD /* Sources */ = {
			isa = PBXSourcesBuildPhase;
			buildActionMask = 2147483647;
			files = (
				046DC9101AC617AB000159B8 /* EMNoticeView.swift in Sources */,
				04AE56A81AC4135F005C68DD /* ViewController.swift in Sources */,
				04AE56A61AC4135F005C68DD /* AppDelegate.swift in Sources */,
				043629311AC4143300D7B4B8 /* EMNoticeCenter.swift in Sources */,
			);
			runOnlyForDeploymentPostprocessing = 0;
		};
		04AE56B11AC4135F005C68DD /* Sources */ = {
			isa = PBXSourcesBuildPhase;
			buildActionMask = 2147483647;
			files = (
				04AE56BC1AC4135F005C68DD /* EMNoticeTests.swift in Sources */,
			);
			runOnlyForDeploymentPostprocessing = 0;
		};
/* End PBXSourcesBuildPhase section */

/* Begin PBXTargetDependency section */
		04AE56B71AC4135F005C68DD /* PBXTargetDependency */ = {
			isa = PBXTargetDependency;
			target = 04AE569F1AC4135F005C68DD /* EMNotice */;
			targetProxy = 04AE56B61AC4135F005C68DD /* PBXContainerItemProxy */;
		};
/* End PBXTargetDependency section */

/* Begin PBXVariantGroup section */
		04AE56A91AC4135F005C68DD /* Main.storyboard */ = {
			isa = PBXVariantGroup;
			children = (
				04AE56AA1AC4135F005C68DD /* Base */,
			);
			name = Main.storyboard;
			sourceTree = "<group>";
		};
		04AE56AE1AC4135F005C68DD /* LaunchScreen.xib */ = {
			isa = PBXVariantGroup;
			children = (
				04AE56AF1AC4135F005C68DD /* Base */,
			);
			name = LaunchScreen.xib;
			sourceTree = "<group>";
		};
/* End PBXVariantGroup section */

/* Begin XCBuildConfiguration section */
		04AE56BD1AC4135F005C68DD /* Debug */ = {
			isa = XCBuildConfiguration;
			buildSettings = {
				ALWAYS_SEARCH_USER_PATHS = NO;
				CLANG_CXX_LANGUAGE_STANDARD = "gnu++0x";
				CLANG_CXX_LIBRARY = "libc++";
				CLANG_ENABLE_MODULES = YES;
				CLANG_ENABLE_OBJC_ARC = YES;
				CLANG_WARN_BOOL_CONVERSION = YES;
				CLANG_WARN_CONSTANT_CONVERSION = YES;
				CLANG_WARN_DIRECT_OBJC_ISA_USAGE = YES_ERROR;
				CLANG_WARN_EMPTY_BODY = YES;
				CLANG_WARN_ENUM_CONVERSION = YES;
				CLANG_WARN_INT_CONVERSION = YES;
				CLANG_WARN_OBJC_ROOT_CLASS = YES_ERROR;
				CLANG_WARN_UNREACHABLE_CODE = YES;
				CLANG_WARN__DUPLICATE_METHOD_MATCH = YES;
				"CODE_SIGN_IDENTITY[sdk=iphoneos*]" = "iPhone Developer";
				COPY_PHASE_STRIP = NO;
				ENABLE_STRICT_OBJC_MSGSEND = YES;
				GCC_C_LANGUAGE_STANDARD = gnu99;
				GCC_DYNAMIC_NO_PIC = NO;
				GCC_OPTIMIZATION_LEVEL = 0;
				GCC_PREPROCESSOR_DEFINITIONS = (
					"DEBUG=1",
					"$(inherited)",
				);
				GCC_SYMBOLS_PRIVATE_EXTERN = NO;
				GCC_WARN_64_TO_32_BIT_CONVERSION = YES;
				GCC_WARN_ABOUT_RETURN_TYPE = YES_ERROR;
				GCC_WARN_UNDECLARED_SELECTOR = YES;
				GCC_WARN_UNINITIALIZED_AUTOS = YES_AGGRESSIVE;
				GCC_WARN_UNUSED_FUNCTION = YES;
				GCC_WARN_UNUSED_VARIABLE = YES;
				IPHONEOS_DEPLOYMENT_TARGET = 8.0;
				MTL_ENABLE_DEBUG_INFO = YES;
				ONLY_ACTIVE_ARCH = YES;
				SDKROOT = iphoneos;
				SWIFT_OPTIMIZATION_LEVEL = "-Onone";
				TARGETED_DEVICE_FAMILY = "1,2";
			};
			name = Debug;
		};
		04AE56BE1AC4135F005C68DD /* Release */ = {
			isa = XCBuildConfiguration;
			buildSettings = {
				ALWAYS_SEARCH_USER_PATHS = NO;
				CLANG_CXX_LANGUAGE_STANDARD = "gnu++0x";
				CLANG_CXX_LIBRARY = "libc++";
				CLANG_ENABLE_MODULES = YES;
				CLANG_ENABLE_OBJC_ARC = YES;
				CLANG_WARN_BOOL_CONVERSION = YES;
				CLANG_WARN_CONSTANT_CONVERSION = YES;
				CLANG_WARN_DIRECT_OBJC_ISA_USAGE = YES_ERROR;
				CLANG_WARN_EMPTY_BODY = YES;
				CLANG_WARN_ENUM_CONVERSION = YES;
				CLANG_WARN_INT_CONVERSION = YES;
				CLANG_WARN_OBJC_ROOT_CLASS = YES_ERROR;
				CLANG_WARN_UNREACHABLE_CODE = YES;
				CLANG_WARN__DUPLICATE_METHOD_MATCH = YES;
				"CODE_SIGN_IDENTITY[sdk=iphoneos*]" = "iPhone Developer";
				COPY_PHASE_STRIP = NO;
				ENABLE_NS_ASSERTIONS = NO;
				ENABLE_STRICT_OBJC_MSGSEND = YES;
				GCC_C_LANGUAGE_STANDARD = gnu99;
				GCC_WARN_64_TO_32_BIT_CONVERSION = YES;
				GCC_WARN_ABOUT_RETURN_TYPE = YES_ERROR;
				GCC_WARN_UNDECLARED_SELECTOR = YES;
				GCC_WARN_UNINITIALIZED_AUTOS = YES_AGGRESSIVE;
				GCC_WARN_UNUSED_FUNCTION = YES;
				GCC_WARN_UNUSED_VARIABLE = YES;
				IPHONEOS_DEPLOYMENT_TARGET = 8.0;
				MTL_ENABLE_DEBUG_INFO = NO;
				SDKROOT = iphoneos;
				TARGETED_DEVICE_FAMILY = "1,2";
				VALIDATE_PRODUCT = YES;
			};
			name = Release;
		};
		04AE56C01AC4135F005C68DD /* Debug */ = {
			isa = XCBuildConfiguration;
			buildSettings = {
				ASSETCATALOG_COMPILER_APPICON_NAME = AppIcon;
				INFOPLIST_FILE = EMNotice/Info.plist;
				LD_RUNPATH_SEARCH_PATHS = "$(inherited) @executable_path/Frameworks";
				PRODUCT_NAME = "$(TARGET_NAME)";
			};
			name = Debug;
		};
		04AE56C11AC4135F005C68DD /* Release */ = {
			isa = XCBuildConfiguration;
			buildSettings = {
				ASSETCATALOG_COMPILER_APPICON_NAME = AppIcon;
				INFOPLIST_FILE = EMNotice/Info.plist;
				LD_RUNPATH_SEARCH_PATHS = "$(inherited) @executable_path/Frameworks";
				PRODUCT_NAME = "$(TARGET_NAME)";
			};
			name = Release;
		};
		04AE56C31AC4135F005C68DD /* Debug */ = {
			isa = XCBuildConfiguration;
			buildSettings = {
				BUNDLE_LOADER = "$(TEST_HOST)";
				FRAMEWORK_SEARCH_PATHS = (
					"$(SDKROOT)/Developer/Library/Frameworks",
					"$(inherited)",
				);
				GCC_PREPROCESSOR_DEFINITIONS = (
					"DEBUG=1",
					"$(inherited)",
				);
				INFOPLIST_FILE = EMNoticeTests/Info.plist;
				LD_RUNPATH_SEARCH_PATHS = "$(inherited) @executable_path/Frameworks @loader_path/Frameworks";
				PRODUCT_NAME = "$(TARGET_NAME)";
				TEST_HOST = "$(BUILT_PRODUCTS_DIR)/EMNotice.app/EMNotice";
			};
			name = Debug;
		};
		04AE56C41AC4135F005C68DD /* Release */ = {
			isa = XCBuildConfiguration;
			buildSettings = {
				BUNDLE_LOADER = "$(TEST_HOST)";
				FRAMEWORK_SEARCH_PATHS = (
					"$(SDKROOT)/Developer/Library/Frameworks",
					"$(inherited)",
				);
				INFOPLIST_FILE = EMNoticeTests/Info.plist;
				LD_RUNPATH_SEARCH_PATHS = "$(inherited) @executable_path/Frameworks @loader_path/Frameworks";
				PRODUCT_NAME = "$(TARGET_NAME)";
				TEST_HOST = "$(BUILT_PRODUCTS_DIR)/EMNotice.app/EMNotice";
			};
			name = Release;
		};
/* End XCBuildConfiguration section */

/* Begin XCConfigurationList section */
		04AE569B1AC4135F005C68DD /* Build configuration list for PBXProject "EMNotice" */ = {
			isa = XCConfigurationList;
			buildConfigurations = (
				04AE56BD1AC4135F005C68DD /* Debug */,
				04AE56BE1AC4135F005C68DD /* Release */,
			);
			defaultConfigurationIsVisible = 0;
			defaultConfigurationName = Release;
		};
		04AE56BF1AC4135F005C68DD /* Build configuration list for PBXNativeTarget "EMNotice" */ = {
			isa = XCConfigurationList;
			buildConfigurations = (
				04AE56C01AC4135F005C68DD /* Debug */,
				04AE56C11AC4135F005C68DD /* Release */,
			);
			defaultConfigurationIsVisible = 0;
			defaultConfigurationName = Release;
		};
		04AE56C21AC4135F005C68DD /* Build configuration list for PBXNativeTarget "EMNoticeTests" */ = {
			isa = XCConfigurationList;
			buildConfigurations = (
				04AE56C31AC4135F005C68DD /* Debug */,
				04AE56C41AC4135F005C68DD /* Release */,
			);
			defaultConfigurationIsVisible = 0;
			defaultConfigurationName = Release;
		};
/* End XCConfigurationList section */
	};
	rootObject = 04AE56981AC4135F005C68DD /* Project object */;
}
